
Microsoft Visual Studio Solution File, Format Version 12.00
# Visual Studio Version 16
VisualStudioVersion = 16.0.36324.18
MinimumVisualStudioVersion = 10.0.40219.1
Project("{FAE04EC0-301F-11D3-BF4B-00C04F79EFBC}") = "HotelManagement-Information-Management-2", "HotelManagement-Information-Management-2\HotelManagement-Information-Management-2.csproj", "{35E183D5-39DF-4AEE-85E2-E53B9B658268}"
EndProject
Global
	GlobalSection(SolutionConfigurationPlatforms) = preSolution
		Debug|Any CPU = Debug|Any CPU
		Release|Any CPU = Release|Any CPU
	EndGlobalSection
	GlobalSection(ProjectConfigurationPlatforms) = postSolution
		{35E183D5-39DF-4AEE-85E2-E53B9B658268}.Debug|Any CPU.ActiveCfg = Debug|Any CPU
		{35E183D5-39DF-4AEE-85E2-E53B9B658268}.Debug|Any CPU.Build.0 = Debug|Any CPU
		{35E183D5-39DF-4AEE-85E2-E53B9B658268}.Release|Any CPU.ActiveCfg = Release|Any CPU
		{35E183D5-39DF-4AEE-85E2-E53B9B658268}.Release|Any CPU.Build.0 = Release|Any CPU
	EndGlobalSection
	GlobalSection(SolutionProperties) = preSolution
		HideSolutionNode = FALSE
	EndGlobalSection
	GlobalSection(ExtensibilityGlobals) = postSolution
		SolutionGuid = {E79046EE-2BE1-4891-8FB3-8258F88C1A26}
	EndGlobalSection
EndGlobal
